
Microsoft Visual Studio Solution File, Format Version 12.00
# Visual Studio Version 17
VisualStudioVersion = 17.1.32421.90
MinimumVisualStudioVersion = 10.0.40219.1
Project("{FAE04EC0-301F-11D3-BF4B-00C04F79EFBC}") = "Web", "Web\Web.csproj", "{F0FB5061-8A00-4F48-B8ED-B486B0843A85}"
EndProject
Global
	GlobalSection(SolutionConfigurationPlatforms) = preSolution
		Debug|Any CPU = Debug|Any CPU
		Release|Any CPU = Release|Any CPU
	EndGlobalSection
	GlobalSection(ProjectConfigurationPlatforms) = postSolution
		{F0FB5061-8A00-4F48-B8ED-B486B0843A85}.Debug|Any CPU.ActiveCfg = Debug|Any CPU
		{F0FB5061-8A00-4F48-B8ED-B486B0843A85}.Debug|Any CPU.Build.0 = Debug|Any CPU
		{F0FB5061-8A00-4F48-B8ED-B486B0843A85}.Release|Any CPU.ActiveCfg = Release|Any CPU
		{F0FB5061-8A00-4F48-B8ED-B486B0843A85}.Release|Any CPU.Build.0 = Release|Any CPU
	EndGlobalSection
	GlobalSection(SolutionProperties) = preSolution
		HideSolutionNode = FALSE
	EndGlobalSection
	GlobalSection(ExtensibilityGlobals) = postSolution
		SolutionGuid = {E8515669-12AB-4C68-9EF2-5E2CE2328E6C}
	EndGlobalSection
EndGlobal
